
Microsoft Visual Studio Solution File, Format Version 12.00
# Visual Studio Version 17
VisualStudioVersion = 17.6.33829.357
MinimumVisualStudioVersion = 10.0.40219.1
Project("{FAE04EC0-301F-11D3-BF4B-00C04F79EFBC}") = "portal_application_project", "portal_application_project\portal_application_project.csproj", "{C7BD6979-ED40-4F4A-96E6-8FE3A6C1A860}"
EndProject
Global
	GlobalSection(SolutionConfigurationPlatforms) = preSolution
		Debug|Any CPU = Debug|Any CPU
		Release|Any CPU = Release|Any CPU
	EndGlobalSection
	GlobalSection(ProjectConfigurationPlatforms) = postSolution
		{C7BD6979-ED40-4F4A-96E6-8FE3A6C1A860}.Debug|Any CPU.ActiveCfg = Debug|Any CPU
		{C7BD6979-ED40-4F4A-96E6-8FE3A6C1A860}.Debug|Any CPU.Build.0 = Debug|Any CPU
		{C7BD6979-ED40-4F4A-96E6-8FE3A6C1A860}.Release|Any CPU.ActiveCfg = Release|Any CPU
		{C7BD6979-ED40-4F4A-96E6-8FE3A6C1A860}.Release|Any CPU.Build.0 = Release|Any CPU
	EndGlobalSection
	GlobalSection(SolutionProperties) = preSolution
		HideSolutionNode = FALSE
	EndGlobalSection
	GlobalSection(ExtensibilityGlobals) = postSolution
		SolutionGuid = {7EF51D8E-74D6-4A98-94D5-04F20B267478}
	EndGlobalSection
EndGlobal
